
Microsoft Visual Studio Solution File, Format Version 12.00
# Visual Studio Version 17
VisualStudioVersion = 17.3.32929.385
MinimumVisualStudioVersion = 10.0.40219.1
Project("{9A19103F-16F7-4668-BE54-9A1E7A4F7556}") = "AIModule", "AIModule\AIModule.csproj", "{FA99AE27-96B2-477B-9FB3-4D568F7EB919}"
EndProject
Project("{9A19103F-16F7-4668-BE54-9A1E7A4F7556}") = "AI_Init", "AI_Init\AI_Init.csproj", "{DBA09E6E-8B60-40A8-9518-EB89B4BE91CC}"
EndProject
Global
	GlobalSection(SolutionConfigurationPlatforms) = preSolution
		Debug|Any CPU = Debug|Any CPU
		Release|Any CPU = Release|Any CPU
	EndGlobalSection
	GlobalSection(ProjectConfigurationPlatforms) = postSolution
		{FA99AE27-96B2-477B-9FB3-4D568F7EB919}.Debug|Any CPU.ActiveCfg = Debug|Any CPU
		{FA99AE27-96B2-477B-9FB3-4D568F7EB919}.Debug|Any CPU.Build.0 = Debug|Any CPU
		{FA99AE27-96B2-477B-9FB3-4D568F7EB919}.Release|Any CPU.ActiveCfg = Release|Any CPU
		{FA99AE27-96B2-477B-9FB3-4D568F7EB919}.Release|Any CPU.Build.0 = Release|Any CPU
		{DBA09E6E-8B60-40A8-9518-EB89B4BE91CC}.Debug|Any CPU.ActiveCfg = Debug|Any CPU
		{DBA09E6E-8B60-40A8-9518-EB89B4BE91CC}.Debug|Any CPU.Build.0 = Debug|Any CPU
		{DBA09E6E-8B60-40A8-9518-EB89B4BE91CC}.Release|Any CPU.ActiveCfg = Release|Any CPU
		{DBA09E6E-8B60-40A8-9518-EB89B4BE91CC}.Release|Any CPU.Build.0 = Release|Any CPU
	EndGlobalSection
	GlobalSection(SolutionProperties) = preSolution
		HideSolutionNode = FALSE
	EndGlobalSection
	GlobalSection(ExtensibilityGlobals) = postSolution
		SolutionGuid = {34849D53-7D7F-4623-A738-3EEF79B1BB3A}
	EndGlobalSection
EndGlobal
